<?xml version="1.0" encoding="UTF-8" standalone="yes" ?>
<CodeBlocks_project_file>
   <FileVersion major="1" minor="6" />
   <Project>
      <Option title="QGrabCut" />
      <Option makefile_is_custom="1" />
      <Option compiler="gcc" />
      <Option virtualFolders="CMake Files\;CMake Files\..\;CMake Files\..\..\;CMake Files\..\..\..\;CMake Files\..\..\..\..\;CMake Files\..\..\..\..\Applications\;CMake Files\..\..\..\..\Applications\Qt\;CMake Files\..\..\..\..\Applications\Qt\5.3\;CMake Files\..\..\..\..\Applications\Qt\5.3\clang_64\;CMake Files\..\..\..\..\Applications\Qt\5.3\clang_64\lib\;CMake Files\..\..\..\..\Applications\Qt\5.3\clang_64\lib\cmake\;CMake Files\..\..\..\..\Applications\Qt\5.3\clang_64\lib\cmake\Qt5Widgets\;CMake Files\..\..\..\..\Applications\Qt\5.3\clang_64\lib\cmake\Qt5Gui\;CMake Files\..\..\..\..\Applications\Qt\5.3\clang_64\lib\cmake\Qt5Core\;CMake Files\..\..\..\..\usr\;CMake Files\..\..\..\..\usr\local\;CMake Files\..\..\..\..\usr\local\share\;CMake Files\..\..\..\..\usr\local\share\OpenCV\;CMake Files\ui\;" />
      <Build>
      <Target title="all">
         <Option working_dir="/Users/leon/Documents/QGrabCut/Qtbuild" />
         <Option type="4" />
         <MakeCommands>
            <Build command="/usr/bin/make -f &quot;/Users/leon/Documents/QGrabCut/Qtbuild/Makefile&quot;  VERBOSE=1 all" />
            <CompileFile command="/usr/bin/make -f &quot;/Users/leon/Documents/QGrabCut/Qtbuild/Makefile&quot;  VERBOSE=1 &quot;$file&quot;" />
            <Clean command="/usr/bin/make -f &quot;/Users/leon/Documents/QGrabCut/Qtbuild/Makefile&quot;  VERBOSE=1 clean" />
            <DistClean command="/usr/bin/make -f &quot;/Users/leon/Documents/QGrabCut/Qtbuild/Makefile&quot;  VERBOSE=1 clean" />
         </MakeCommands>
      </Target>
      <Target title="QGrabCut">
         <Option output="/Users/leon/Documents/QGrabCut/Qtbuild/QGrabCut" prefix_auto="0" extension_auto="0" />
         <Option working_dir="/Users/leon/Documents/QGrabCut/Qtbuild" />
         <Option object_output="./" />
         <Option type="1" />
         <Option compiler="gcc" />
         <Compiler>
            <Add option="-DQT_WIDGETS_LIB" />
            <Add option="-DQT_GUI_LIB" />
            <Add option="-DQT_CORE_LIB" />
            <Add option="-DQT_NO_DEBUG" />
            <Add directory="/Applications/Qt/5.3/clang_64/lib/QtCore.framework" />
            <Add directory="/Applications/Qt/5.3/clang_64/lib/QtCore.framework/Headers" />
            <Add directory="/Applications/Qt/5.3/clang_64/lib/QtGui.framework" />
            <Add directory="/Applications/Qt/5.3/clang_64/lib/QtGui.framework/Headers" />
            <Add directory="/Applications/Qt/5.3/clang_64/lib/QtWidgets.framework" />
            <Add directory="/Applications/Qt/5.3/clang_64/lib/QtWidgets.framework/Headers" />
            <Add directory="/Applications/Qt/5.3/clang_64/mkspecs/macx-clang" />
            <Add directory="/Applications/Xcode.app/Contents/Developer/Toolchains/XcodeDefault.xctoolchain/usr/bin/../lib/c++/v1" />
            <Add directory="/Applications/Xcode.app/Contents/Developer/Toolchains/XcodeDefault.xctoolchain/usr/bin/../lib/clang/5.1/include" />
            <Add directory="/Applications/Xcode.app/Contents/Developer/Toolchains/XcodeDefault.xctoolchain/usr/include" />
            <Add directory="/Library/Frameworks" />
            <Add directory="/System/Library/Frameworks" />
            <Add directory="/System/Library/Frameworks/OpenGL.framework/Headers" />
            <Add directory="/Users/leon/Documents/QGrabCut" />
            <Add directory="/Users/leon/Documents/QGrabCut/LoG" />
            <Add directory="/Users/leon/Documents/QGrabCut/Qtbuild" />
            <Add directory="/Users/leon/Documents/QGrabCut/gmm" />
            <Add directory="/Users/leon/Documents/QGrabCut/grabcut" />
            <Add directory="/Users/leon/Documents/QGrabCut/maxflow" />
            <Add directory="/Users/leon/Documents/QGrabCut/ui" />
            <Add directory="/usr/include" />
            <Add directory="/usr/local/include" />
            <Add directory="/usr/local/include/opencv" />
         </Compiler>
         <MakeCommands>
            <Build command="/usr/bin/make -f &quot;/Users/leon/Documents/QGrabCut/Qtbuild/Makefile&quot;  VERBOSE=1 QGrabCut" />
            <CompileFile command="/usr/bin/make -f &quot;/Users/leon/Documents/QGrabCut/Qtbuild/Makefile&quot;  VERBOSE=1 &quot;$file&quot;" />
            <Clean command="/usr/bin/make -f &quot;/Users/leon/Documents/QGrabCut/Qtbuild/Makefile&quot;  VERBOSE=1 clean" />
            <DistClean command="/usr/bin/make -f &quot;/Users/leon/Documents/QGrabCut/Qtbuild/Makefile&quot;  VERBOSE=1 clean" />
         </MakeCommands>
      </Target>
      <Target title="QGrabCut/fast">
         <Option output="/Users/leon/Documents/QGrabCut/Qtbuild/QGrabCut" prefix_auto="0" extension_auto="0" />
         <Option working_dir="/Users/leon/Documents/QGrabCut/Qtbuild" />
         <Option object_output="./" />
         <Option type="1" />
         <Option compiler="gcc" />
         <Compiler>
            <Add option="-DQT_WIDGETS_LIB" />
            <Add option="-DQT_GUI_LIB" />
            <Add option="-DQT_CORE_LIB" />
            <Add option="-DQT_NO_DEBUG" />
            <Add directory="/Applications/Qt/5.3/clang_64/lib/QtCore.framework" />
            <Add directory="/Applications/Qt/5.3/clang_64/lib/QtCore.framework/Headers" />
            <Add directory="/Applications/Qt/5.3/clang_64/lib/QtGui.framework" />
            <Add directory="/Applications/Qt/5.3/clang_64/lib/QtGui.framework/Headers" />
            <Add directory="/Applications/Qt/5.3/clang_64/lib/QtWidgets.framework" />
            <Add directory="/Applications/Qt/5.3/clang_64/lib/QtWidgets.framework/Headers" />
            <Add directory="/Applications/Qt/5.3/clang_64/mkspecs/macx-clang" />
            <Add directory="/Applications/Xcode.app/Contents/Developer/Toolchains/XcodeDefault.xctoolchain/usr/bin/../lib/c++/v1" />
            <Add directory="/Applications/Xcode.app/Contents/Developer/Toolchains/XcodeDefault.xctoolchain/usr/bin/../lib/clang/5.1/include" />
            <Add directory="/Applications/Xcode.app/Contents/Developer/Toolchains/XcodeDefault.xctoolchain/usr/include" />
            <Add directory="/Library/Frameworks" />
            <Add directory="/System/Library/Frameworks" />
            <Add directory="/System/Library/Frameworks/OpenGL.framework/Headers" />
            <Add directory="/Users/leon/Documents/QGrabCut" />
            <Add directory="/Users/leon/Documents/QGrabCut/LoG" />
            <Add directory="/Users/leon/Documents/QGrabCut/Qtbuild" />
            <Add directory="/Users/leon/Documents/QGrabCut/gmm" />
            <Add directory="/Users/leon/Documents/QGrabCut/grabcut" />
            <Add directory="/Users/leon/Documents/QGrabCut/maxflow" />
            <Add directory="/Users/leon/Documents/QGrabCut/ui" />
            <Add directory="/usr/include" />
            <Add directory="/usr/local/include" />
            <Add directory="/usr/local/include/opencv" />
         </Compiler>
         <MakeCommands>
            <Build command="/usr/bin/make -f &quot;/Users/leon/Documents/QGrabCut/Qtbuild/Makefile&quot;  VERBOSE=1 QGrabCut/fast" />
            <CompileFile command="/usr/bin/make -f &quot;/Users/leon/Documents/QGrabCut/Qtbuild/Makefile&quot;  VERBOSE=1 &quot;$file&quot;" />
            <Clean command="/usr/bin/make -f &quot;/Users/leon/Documents/QGrabCut/Qtbuild/Makefile&quot;  VERBOSE=1 clean" />
            <DistClean command="/usr/bin/make -f &quot;/Users/leon/Documents/QGrabCut/Qtbuild/Makefile&quot;  VERBOSE=1 clean" />
         </MakeCommands>
      </Target>
      <Target title="QGrabCut_automoc">
         <Option working_dir="/Users/leon/Documents/QGrabCut/Qtbuild" />
         <Option type="4" />
         <MakeCommands>
            <Build command="/usr/bin/make -f &quot;/Users/leon/Documents/QGrabCut/Qtbuild/Makefile&quot;  VERBOSE=1 QGrabCut_automoc" />
            <CompileFile command="/usr/bin/make -f &quot;/Users/leon/Documents/QGrabCut/Qtbuild/Makefile&quot;  VERBOSE=1 &quot;$file&quot;" />
            <Clean command="/usr/bin/make -f &quot;/Users/leon/Documents/QGrabCut/Qtbuild/Makefile&quot;  VERBOSE=1 clean" />
            <DistClean command="/usr/bin/make -f &quot;/Users/leon/Documents/QGrabCut/Qtbuild/Makefile&quot;  VERBOSE=1 clean" />
         </MakeCommands>
      </Target>
      <Target title="rebuild_cache">
         <Option working_dir="/Users/leon/Documents/QGrabCut/Qtbuild" />
         <Option type="4" />
         <MakeCommands>
            <Build command="/usr/bin/make -f &quot;/Users/leon/Documents/QGrabCut/Qtbuild/Makefile&quot;  VERBOSE=1 rebuild_cache" />
            <CompileFile command="/usr/bin/make -f &quot;/Users/leon/Documents/QGrabCut/Qtbuild/Makefile&quot;  VERBOSE=1 &quot;$file&quot;" />
            <Clean command="/usr/bin/make -f &quot;/Users/leon/Documents/QGrabCut/Qtbuild/Makefile&quot;  VERBOSE=1 clean" />
            <DistClean command="/usr/bin/make -f &quot;/Users/leon/Documents/QGrabCut/Qtbuild/Makefile&quot;  VERBOSE=1 clean" />
         </MakeCommands>
      </Target>
      </Build>
      <Unit filename="/Users/leon/Documents/QGrabCut/LoG/smooth.cpp">
      </Unit>
      <Unit filename="/Users/leon/Documents/QGrabCut/SegmentInterface.cpp">
      </Unit>
      <Unit filename="/Users/leon/Documents/QGrabCut/gmm/GMM.cpp">
      </Unit>
      <Unit filename="/Users/leon/Documents/QGrabCut/grabcut/CommonFunc.cpp">
      </Unit>
      <Unit filename="/Users/leon/Documents/QGrabCut/grabcut/GrabCut.cpp">
      </Unit>
      <Unit filename="/Users/leon/Documents/QGrabCut/main.cpp">
      </Unit>
      <Unit filename="/Users/leon/Documents/QGrabCut/maxflow/graph.cpp">
      </Unit>
      <Unit filename="/Users/leon/Documents/QGrabCut/maxflow/maxflow.cpp">
      </Unit>
      <Unit filename="/Users/leon/Documents/QGrabCut/ui/ImageLabel.cpp">
      </Unit>
      <Unit filename="/Users/leon/Documents/QGrabCut/ui/ImageWidget.cpp">
      </Unit>
      <Unit filename="/Users/leon/Documents/QGrabCut/ui/ParamWidget.cpp">
      </Unit>
      <Unit filename="/Users/leon/Documents/QGrabCut/ui/QGrabCut.cpp">
      </Unit>
      <Unit filename="/Users/leon/Documents/QGrabCut/LoG/smooth.h">
      </Unit>
      <Unit filename="/Users/leon/Documents/QGrabCut/SegmentInterface.h">
      </Unit>
      <Unit filename="/Users/leon/Documents/QGrabCut/gmm/GMM.h">
      </Unit>
      <Unit filename="/Users/leon/Documents/QGrabCut/grabcut/CommonFunc.h">
      </Unit>
      <Unit filename="/Users/leon/Documents/QGrabCut/grabcut/GrabCut.h">
      </Unit>
      <Unit filename="/Users/leon/Documents/QGrabCut/maxflow/graph.h">
      </Unit>
      <Unit filename="/Users/leon/Documents/QGrabCut/ui/ImageLabel.h">
      </Unit>
      <Unit filename="/Users/leon/Documents/QGrabCut/ui/ImageWidget.h">
      </Unit>
      <Unit filename="/Users/leon/Documents/QGrabCut/ui/ParamWidget.h">
      </Unit>
      <Unit filename="/Users/leon/Documents/QGrabCut/ui/ParamWidget.ui">
      </Unit>
      <Unit filename="/Users/leon/Documents/QGrabCut/ui/QGrabCut.h">
      </Unit>
      <Unit filename="/Users/leon/Documents/QGrabCut/ui/QGrabCut.qrc">
      </Unit>
      <Unit filename="/Users/leon/Documents/QGrabCut/ui/QGrabCut.ui">
      </Unit>
      <Unit filename="/Users/leon/Documents/QGrabCut/CMakeLists.txt">
          <Option virtualFolder="CMake Files\" />
      </Unit>
      <Unit filename="/Users/leon/Documents/QGrabCut/../../../../Applications/Qt/5.3/clang_64/lib/cmake/Qt5Widgets/Qt5WidgetsConfigVersion.cmake">
          <Option virtualFolder="CMake Files\..\..\..\..\Applications\Qt\5.3\clang_64\lib\cmake\Qt5Widgets\" />
      </Unit>
      <Unit filename="/Users/leon/Documents/QGrabCut/../../../../Applications/Qt/5.3/clang_64/lib/cmake/Qt5Widgets/Qt5WidgetsConfig.cmake">
          <Option virtualFolder="CMake Files\..\..\..\..\Applications\Qt\5.3\clang_64\lib\cmake\Qt5Widgets\" />
      </Unit>
      <Unit filename="/Users/leon/Documents/QGrabCut/../../../../Applications/Qt/5.3/clang_64/lib/cmake/Qt5Widgets/Qt5WidgetsConfigExtras.cmake">
          <Option virtualFolder="CMake Files\..\..\..\..\Applications\Qt\5.3\clang_64\lib\cmake\Qt5Widgets\" />
      </Unit>
      <Unit filename="/Users/leon/Documents/QGrabCut/../../../../Applications/Qt/5.3/clang_64/lib/cmake/Qt5Widgets/Qt5WidgetsMacros.cmake">
          <Option virtualFolder="CMake Files\..\..\..\..\Applications\Qt\5.3\clang_64\lib\cmake\Qt5Widgets\" />
      </Unit>
      <Unit filename="/Users/leon/Documents/QGrabCut/../../../../Applications/Qt/5.3/clang_64/lib/cmake/Qt5Gui/Qt5GuiConfigVersion.cmake">
          <Option virtualFolder="CMake Files\..\..\..\..\Applications\Qt\5.3\clang_64\lib\cmake\Qt5Gui\" />
      </Unit>
      <Unit filename="/Users/leon/Documents/QGrabCut/../../../../Applications/Qt/5.3/clang_64/lib/cmake/Qt5Gui/Qt5GuiConfig.cmake">
          <Option virtualFolder="CMake Files\..\..\..\..\Applications\Qt\5.3\clang_64\lib\cmake\Qt5Gui\" />
      </Unit>
      <Unit filename="/Users/leon/Documents/QGrabCut/../../../../Applications/Qt/5.3/clang_64/lib/cmake/Qt5Gui/Qt5Gui_QCocoaIntegrationPlugin.cmake">
          <Option virtualFolder="CMake Files\..\..\..\..\Applications\Qt\5.3\clang_64\lib\cmake\Qt5Gui\" />
      </Unit>
      <Unit filename="/Users/leon/Documents/QGrabCut/../../../../Applications/Qt/5.3/clang_64/lib/cmake/Qt5Gui/Qt5Gui_QDDSPlugin.cmake">
          <Option virtualFolder="CMake Files\..\..\..\..\Applications\Qt\5.3\clang_64\lib\cmake\Qt5Gui\" />
      </Unit>
      <Unit filename="/Users/leon/Documents/QGrabCut/../../../../Applications/Qt/5.3/clang_64/lib/cmake/Qt5Gui/Qt5Gui_QGifPlugin.cmake">
          <Option virtualFolder="CMake Files\..\..\..\..\Applications\Qt\5.3\clang_64\lib\cmake\Qt5Gui\" />
      </Unit>
      <Unit filename="/Users/leon/Documents/QGrabCut/../../../../Applications/Qt/5.3/clang_64/lib/cmake/Qt5Gui/Qt5Gui_QICNSPlugin.cmake">
          <Option virtualFolder="CMake Files\..\..\..\..\Applications\Qt\5.3\clang_64\lib\cmake\Qt5Gui\" />
      </Unit>
      <Unit filename="/Users/leon/Documents/QGrabCut/../../../../Applications/Qt/5.3/clang_64/lib/cmake/Qt5Gui/Qt5Gui_QICOPlugin.cmake">
          <Option virtualFolder="CMake Files\..\..\..\..\Applications\Qt\5.3\clang_64\lib\cmake\Qt5Gui\" />
      </Unit>
      <Unit filename="/Users/leon/Documents/QGrabCut/../../../../Applications/Qt/5.3/clang_64/lib/cmake/Qt5Gui/Qt5Gui_QJp2Plugin.cmake">
          <Option virtualFolder="CMake Files\..\..\..\..\Applications\Qt\5.3\clang_64\lib\cmake\Qt5Gui\" />
      </Unit>
      <Unit filename="/Users/leon/Documents/QGrabCut/../../../../Applications/Qt/5.3/clang_64/lib/cmake/Qt5Gui/Qt5Gui_QJpegPlugin.cmake">
          <Option virtualFolder="CMake Files\..\..\..\..\Applications\Qt\5.3\clang_64\lib\cmake\Qt5Gui\" />
      </Unit>
      <Unit filename="/Users/leon/Documents/QGrabCut/../../../../Applications/Qt/5.3/clang_64/lib/cmake/Qt5Gui/Qt5Gui_QMinimalIntegrationPlugin.cmake">
          <Option virtualFolder="CMake Files\..\..\..\..\Applications\Qt\5.3\clang_64\lib\cmake\Qt5Gui\" />
      </Unit>
      <Unit filename="/Users/leon/Documents/QGrabCut/../../../../Applications/Qt/5.3/clang_64/lib/cmake/Qt5Gui/Qt5Gui_QMngPlugin.cmake">
          <Option virtualFolder="CMake Files\..\..\..\..\Applications\Qt\5.3\clang_64\lib\cmake\Qt5Gui\" />
      </Unit>
      <Unit filename="/Users/leon/Documents/QGrabCut/../../../../Applications/Qt/5.3/clang_64/lib/cmake/Qt5Gui/Qt5Gui_QOffscreenIntegrationPlugin.cmake">
          <Option virtualFolder="CMake Files\..\..\..\..\Applications\Qt\5.3\clang_64\lib\cmake\Qt5Gui\" />
      </Unit>
      <Unit filename="/Users/leon/Documents/QGrabCut/../../../../Applications/Qt/5.3/clang_64/lib/cmake/Qt5Gui/Qt5Gui_QTgaPlugin.cmake">
          <Option virtualFolder="CMake Files\..\..\..\..\Applications\Qt\5.3\clang_64\lib\cmake\Qt5Gui\" />
      </Unit>
      <Unit filename="/Users/leon/Documents/QGrabCut/../../../../Applications/Qt/5.3/clang_64/lib/cmake/Qt5Gui/Qt5Gui_QTiffPlugin.cmake">
          <Option virtualFolder="CMake Files\..\..\..\..\Applications\Qt\5.3\clang_64\lib\cmake\Qt5Gui\" />
      </Unit>
      <Unit filename="/Users/leon/Documents/QGrabCut/../../../../Applications/Qt/5.3/clang_64/lib/cmake/Qt5Gui/Qt5Gui_QWbmpPlugin.cmake">
          <Option virtualFolder="CMake Files\..\..\..\..\Applications\Qt\5.3\clang_64\lib\cmake\Qt5Gui\" />
      </Unit>
      <Unit filename="/Users/leon/Documents/QGrabCut/../../../../Applications/Qt/5.3/clang_64/lib/cmake/Qt5Gui/Qt5Gui_QWebpPlugin.cmake">
          <Option virtualFolder="CMake Files\..\..\..\..\Applications\Qt\5.3\clang_64\lib\cmake\Qt5Gui\" />
      </Unit>
      <Unit filename="/Users/leon/Documents/QGrabCut/../../../../Applications/Qt/5.3/clang_64/lib/cmake/Qt5Gui/Qt5GuiConfigExtras.cmake">
          <Option virtualFolder="CMake Files\..\..\..\..\Applications\Qt\5.3\clang_64\lib\cmake\Qt5Gui\" />
      </Unit>
      <Unit filename="/Users/leon/Documents/QGrabCut/../../../../Applications/Qt/5.3/clang_64/lib/cmake/Qt5Gui/Qt5GUIConfigVersion.cmake">
          <Option virtualFolder="CMake Files\..\..\..\..\Applications\Qt\5.3\clang_64\lib\cmake\Qt5Gui\" />
      </Unit>
      <Unit filename="/Users/leon/Documents/QGrabCut/../../../../Applications/Qt/5.3/clang_64/lib/cmake/Qt5Gui/Qt5GUIConfig.cmake">
          <Option virtualFolder="CMake Files\..\..\..\..\Applications\Qt\5.3\clang_64\lib\cmake\Qt5Gui\" />
      </Unit>
      <Unit filename="/Users/leon/Documents/QGrabCut/../../../../Applications/Qt/5.3/clang_64/lib/cmake/Qt5Core/Qt5CoreConfigVersion.cmake">
          <Option virtualFolder="CMake Files\..\..\..\..\Applications\Qt\5.3\clang_64\lib\cmake\Qt5Core\" />
      </Unit>
      <Unit filename="/Users/leon/Documents/QGrabCut/../../../../Applications/Qt/5.3/clang_64/lib/cmake/Qt5Core/Qt5CoreConfig.cmake">
          <Option virtualFolder="CMake Files\..\..\..\..\Applications\Qt\5.3\clang_64\lib\cmake\Qt5Core\" />
      </Unit>
      <Unit filename="/Users/leon/Documents/QGrabCut/../../../../Applications/Qt/5.3/clang_64/lib/cmake/Qt5Core/Qt5CoreConfigExtras.cmake">
          <Option virtualFolder="CMake Files\..\..\..\..\Applications\Qt\5.3\clang_64\lib\cmake\Qt5Core\" />
      </Unit>
      <Unit filename="/Users/leon/Documents/QGrabCut/../../../../Applications/Qt/5.3/clang_64/lib/cmake/Qt5Core/Qt5CoreConfigExtrasMkspecDir.cmake">
          <Option virtualFolder="CMake Files\..\..\..\..\Applications\Qt\5.3\clang_64\lib\cmake\Qt5Core\" />
      </Unit>
      <Unit filename="/Users/leon/Documents/QGrabCut/../../../../Applications/Qt/5.3/clang_64/lib/cmake/Qt5Core/Qt5CoreMacros.cmake">
          <Option virtualFolder="CMake Files\..\..\..\..\Applications\Qt\5.3\clang_64\lib\cmake\Qt5Core\" />
      </Unit>
      <Unit filename="/Users/leon/Documents/QGrabCut/../../../../Applications/Qt/5.3/clang_64/lib/cmake/Qt5Core/Qt5CoreConfigVersion.cmake">
          <Option virtualFolder="CMake Files\..\..\..\..\Applications\Qt\5.3\clang_64\lib\cmake\Qt5Core\" />
      </Unit>
      <Unit filename="/Users/leon/Documents/QGrabCut/../../../../Applications/Qt/5.3/clang_64/lib/cmake/Qt5Core/Qt5CoreConfig.cmake">
          <Option virtualFolder="CMake Files\..\..\..\..\Applications\Qt\5.3\clang_64\lib\cmake\Qt5Core\" />
      </Unit>
      <Unit filename="/Users/leon/Documents/QGrabCut/../../../../usr/local/share/OpenCV/OpenCVConfig-version.cmake">
          <Option virtualFolder="CMake Files\..\..\..\..\usr\local\share\OpenCV\" />
      </Unit>
      <Unit filename="/Users/leon/Documents/QGrabCut/../../../../usr/local/share/OpenCV/OpenCVConfig.cmake">
          <Option virtualFolder="CMake Files\..\..\..\..\usr\local\share\OpenCV\" />
      </Unit>
      <Unit filename="/Users/leon/Documents/QGrabCut/../../../../usr/local/share/OpenCV/OpenCVModules.cmake">
          <Option virtualFolder="CMake Files\..\..\..\..\usr\local\share\OpenCV\" />
      </Unit>
      <Unit filename="/Users/leon/Documents/QGrabCut/../../../../usr/local/share/OpenCV/OpenCVModules-none.cmake">
          <Option virtualFolder="CMake Files\..\..\..\..\usr\local\share\OpenCV\" />
      </Unit>
      <Unit filename="/Users/leon/Documents/QGrabCut/ui/QGrabCut.qrc">
          <Option virtualFolder="CMake Files\ui\" />
      </Unit>
   </Project>
</CodeBlocks_project_file>
